
Microsoft Visual Studio Solution File, Format Version 12.00
# Visual Studio 15
VisualStudioVersion = 15.0.27703.2026
MinimumVisualStudioVersion = 10.0.40219.1
Project("{FAE04EC0-301F-11D3-BF4B-00C04F79EFBC}") = "TripLog.Android", "TripLog\TripLog.Android\TripLog.Android.csproj", "{8EFCF334-3752-4E23-A66B-A79E1703A81A}"
EndProject
Project("{FAE04EC0-301F-11D3-BF4B-00C04F79EFBC}") = "TripLog.iOS", "TripLog\TripLog.iOS\TripLog.iOS.csproj", "{B738A666-0129-4A6F-A232-E411222DF91E}"
EndProject
Project("{FAE04EC0-301F-11D3-BF4B-00C04F79EFBC}") = "TripLog", "TripLog\TripLog\TripLog.csproj", "{79BD0EFD-869C-4BE5-B680-A8D6EC0318B7}"
EndProject
Global
	GlobalSection(SolutionConfigurationPlatforms) = preSolution
		Ad-Hoc|Any CPU = Ad-Hoc|Any CPU
		Ad-Hoc|iPhone = Ad-Hoc|iPhone
		Ad-Hoc|iPhoneSimulator = Ad-Hoc|iPhoneSimulator
		AppStore|Any CPU = AppStore|Any CPU
		AppStore|iPhone = AppStore|iPhone
		AppStore|iPhoneSimulator = AppStore|iPhoneSimulator
		Debug|Any CPU = Debug|Any CPU
		Debug|iPhone = Debug|iPhone
		Debug|iPhoneSimulator = Debug|iPhoneSimulator
		Release|Any CPU = Release|Any CPU
		Release|iPhone = Release|iPhone
		Release|iPhoneSimulator = Release|iPhoneSimulator
	EndGlobalSection
	GlobalSection(ProjectConfigurationPlatforms) = postSolution
		{8EFCF334-3752-4E23-A66B-A79E1703A81A}.Ad-Hoc|Any CPU.ActiveCfg = Release|Any CPU
		{8EFCF334-3752-4E23-A66B-A79E1703A81A}.Ad-Hoc|Any CPU.Build.0 = Release|Any CPU
		{8EFCF334-3752-4E23-A66B-A79E1703A81A}.Ad-Hoc|Any CPU.Deploy.0 = Release|Any CPU
		{8EFCF334-3752-4E23-A66B-A79E1703A81A}.Ad-Hoc|iPhone.ActiveCfg = Release|Any CPU
		{8EFCF334-3752-4E23-A66B-A79E1703A81A}.Ad-Hoc|iPhone.Build.0 = Release|Any CPU
		{8EFCF334-3752-4E23-A66B-A79E1703A81A}.Ad-Hoc|iPhone.Deploy.0 = Release|Any CPU
		{8EFCF334-3752-4E23-A66B-A79E1703A81A}.Ad-Hoc|iPhoneSimulator.ActiveCfg = Release|Any CPU
		{8EFCF334-3752-4E23-A66B-A79E1703A81A}.Ad-Hoc|iPhoneSimulator.Build.0 = Release|Any CPU
		{8EFCF334-3752-4E23-A66B-A79E1703A81A}.Ad-Hoc|iPhoneSimulator.Deploy.0 = Release|Any CPU
		{8EFCF334-3752-4E23-A66B-A79E1703A81A}.AppStore|Any CPU.ActiveCfg = Release|Any CPU
		{8EFCF334-3752-4E23-A66B-A79E1703A81A}.AppStore|Any CPU.Build.0 = Release|Any CPU
		{8EFCF334-3752-4E23-A66B-A79E1703A81A}.AppStore|Any CPU.Deploy.0 = Release|Any CPU
		{8EFCF334-3752-4E23-A66B-A79E1703A81A}.AppStore|iPhone.ActiveCfg = Release|Any CPU
		{8EFCF334-3752-4E23-A66B-A79E1703A81A}.AppStore|iPhone.Build.0 = Release|Any CPU
		{8EFCF334-3752-4E23-A66B-A79E1703A81A}.AppStore|iPhone.Deploy.0 = Release|Any CPU
		{8EFCF334-3752-4E23-A66B-A79E1703A81A}.AppStore|iPhoneSimulator.ActiveCfg = Release|Any CPU
		{8EFCF334-3752-4E23-A66B-A79E1703A81A}.AppStore|iPhoneSimulator.Build.0 = Release|Any CPU
		{8EFCF334-3752-4E23-A66B-A79E1703A81A}.AppStore|iPhoneSimulator.Deploy.0 = Release|Any CPU
		{8EFCF334-3752-4E23-A66B-A79E1703A81A}.Debug|Any CPU.ActiveCfg = Debug|Any CPU
		{8EFCF334-3752-4E23-A66B-A79E1703A81A}.Debug|Any CPU.Build.0 = Debug|Any CPU
		{8EFCF334-3752-4E23-A66B-A79E1703A81A}.Debug|Any CPU.Deploy.0 = Debug|Any CPU
		{8EFCF334-3752-4E23-A66B-A79E1703A81A}.Debug|iPhone.ActiveCfg = Debug|Any CPU
		{8EFCF334-3752-4E23-A66B-A79E1703A81A}.Debug|iPhone.Build.0 = Debug|Any CPU
		{8EFCF334-3752-4E23-A66B-A79E1703A81A}.Debug|iPhone.Deploy.0 = Debug|Any CPU
		{8EFCF334-3752-4E23-A66B-A79E1703A81A}.Debug|iPhoneSimulator.ActiveCfg = Debug|Any CPU
		{8EFCF334-3752-4E23-A66B-A79E1703A81A}.Debug|iPhoneSimulator.Build.0 = Debug|Any CPU
		{8EFCF334-3752-4E23-A66B-A79E1703A81A}.Debug|iPhoneSimulator.Deploy.0 = Debug|Any CPU
		{8EFCF334-3752-4E23-A66B-A79E1703A81A}.Release|Any CPU.ActiveCfg = Release|Any CPU
		{8EFCF334-3752-4E23-A66B-A79E1703A81A}.Release|Any CPU.Build.0 = Release|Any CPU
		{8EFCF334-3752-4E23-A66B-A79E1703A81A}.Release|Any CPU.Deploy.0 = Release|Any CPU
		{8EFCF334-3752-4E23-A66B-A79E1703A81A}.Release|iPhone.ActiveCfg = Release|Any CPU
		{8EFCF334-3752-4E23-A66B-A79E1703A81A}.Release|iPhone.Build.0 = Release|Any CPU
		{8EFCF334-3752-4E23-A66B-A79E1703A81A}.Release|iPhone.Deploy.0 = Release|Any CPU
		{8EFCF334-3752-4E23-A66B-A79E1703A81A}.Release|iPhoneSimulator.ActiveCfg = Release|Any CPU
		{8EFCF334-3752-4E23-A66B-A79E1703A81A}.Release|iPhoneSimulator.Build.0 = Release|Any CPU
		{8EFCF334-3752-4E23-A66B-A79E1703A81A}.Release|iPhoneSimulator.Deploy.0 = Release|Any CPU
		{B738A666-0129-4A6F-A232-E411222DF91E}.Ad-Hoc|Any CPU.ActiveCfg = Ad-Hoc|iPhone
		{B738A666-0129-4A6F-A232-E411222DF91E}.Ad-Hoc|Any CPU.Build.0 = Ad-Hoc|iPhone
		{B738A666-0129-4A6F-A232-E411222DF91E}.Ad-Hoc|Any CPU.Deploy.0 = Ad-Hoc|iPhone
		{B738A666-0129-4A6F-A232-E411222DF91E}.Ad-Hoc|iPhone.ActiveCfg = Ad-Hoc|iPhone
		{B738A666-0129-4A6F-A232-E411222DF91E}.Ad-Hoc|iPhone.Build.0 = Ad-Hoc|iPhone
		{B738A666-0129-4A6F-A232-E411222DF91E}.Ad-Hoc|iPhone.Deploy.0 = Ad-Hoc|iPhone
		{B738A666-0129-4A6F-A232-E411222DF91E}.Ad-Hoc|iPhoneSimulator.ActiveCfg = Ad-Hoc|iPhoneSimulator
		{B738A666-0129-4A6F-A232-E411222DF91E}.Ad-Hoc|iPhoneSimulator.Build.0 = Ad-Hoc|iPhoneSimulator
		{B738A666-0129-4A6F-A232-E411222DF91E}.Ad-Hoc|iPhoneSimulator.Deploy.0 = Ad-Hoc|iPhoneSimulator
		{B738A666-0129-4A6F-A232-E411222DF91E}.AppStore|Any CPU.ActiveCfg = AppStore|iPhone
		{B738A666-0129-4A6F-A232-E411222DF91E}.AppStore|Any CPU.Build.0 = AppStore|iPhone
		{B738A666-0129-4A6F-A232-E411222DF91E}.AppStore|Any CPU.Deploy.0 = AppStore|iPhone
		{B738A666-0129-4A6F-A232-E411222DF91E}.AppStore|iPhone.ActiveCfg = AppStore|iPhone
		{B738A666-0129-4A6F-A232-E411222DF91E}.AppStore|iPhone.Build.0 = AppStore|iPhone
		{B738A666-0129-4A6F-A232-E411222DF91E}.AppStore|iPhone.Deploy.0 = AppStore|iPhone
		{B738A666-0129-4A6F-A232-E411222DF91E}.AppStore|iPhoneSimulator.ActiveCfg = AppStore|iPhoneSimulator
		{B738A666-0129-4A6F-A232-E411222DF91E}.AppStore|iPhoneSimulator.Build.0 = AppStore|iPhoneSimulator
		{B738A666-0129-4A6F-A232-E411222DF91E}.AppStore|iPhoneSimulator.Deploy.0 = AppStore|iPhoneSimulator
		{B738A666-0129-4A6F-A232-E411222DF91E}.Debug|Any CPU.ActiveCfg = Debug|iPhoneSimulator
		{B738A666-0129-4A6F-A232-E411222DF91E}.Debug|Any CPU.Build.0 = Debug|iPhoneSimulator
		{B738A666-0129-4A6F-A232-E411222DF91E}.Debug|Any CPU.Deploy.0 = Debug|iPhoneSimulator
		{B738A666-0129-4A6F-A232-E411222DF91E}.Debug|iPhone.ActiveCfg = Debug|iPhone
		{B738A666-0129-4A6F-A232-E411222DF91E}.Debug|iPhone.Build.0 = Debug|iPhone
		{B738A666-0129-4A6F-A232-E411222DF91E}.Debug|iPhone.Deploy.0 = Debug|iPhone
		{B738A666-0129-4A6F-A232-E411222DF91E}.Debug|iPhoneSimulator.ActiveCfg = Debug|iPhoneSimulator
		{B738A666-0129-4A6F-A232-E411222DF91E}.Debug|iPhoneSimulator.Build.0 = Debug|iPhoneSimulator
		{B738A666-0129-4A6F-A232-E411222DF91E}.Debug|iPhoneSimulator.Deploy.0 = Debug|iPhoneSimulator
		{B738A666-0129-4A6F-A232-E411222DF91E}.Release|Any CPU.ActiveCfg = Release|iPhone
		{B738A666-0129-4A6F-A232-E411222DF91E}.Release|Any CPU.Build.0 = Release|iPhone
		{B738A666-0129-4A6F-A232-E411222DF91E}.Release|Any CPU.Deploy.0 = Release|iPhone
		{B738A666-0129-4A6F-A232-E411222DF91E}.Release|iPhone.ActiveCfg = Release|iPhone
		{B738A666-0129-4A6F-A232-E411222DF91E}.Release|iPhone.Build.0 = Release|iPhone
		{B738A666-0129-4A6F-A232-E411222DF91E}.Release|iPhone.Deploy.0 = Release|iPhone
		{B738A666-0129-4A6F-A232-E411222DF91E}.Release|iPhoneSimulator.ActiveCfg = Release|iPhoneSimulator
		{B738A666-0129-4A6F-A232-E411222DF91E}.Release|iPhoneSimulator.Build.0 = Release|iPhoneSimulator
		{B738A666-0129-4A6F-A232-E411222DF91E}.Release|iPhoneSimulator.Deploy.0 = Release|iPhoneSimulator
		{79BD0EFD-869C-4BE5-B680-A8D6EC0318B7}.Ad-Hoc|Any CPU.ActiveCfg = Debug|Any CPU
		{79BD0EFD-869C-4BE5-B680-A8D6EC0318B7}.Ad-Hoc|Any CPU.Build.0 = Debug|Any CPU
		{79BD0EFD-869C-4BE5-B680-A8D6EC0318B7}.Ad-Hoc|Any CPU.Deploy.0 = Debug|Any CPU
		{79BD0EFD-869C-4BE5-B680-A8D6EC0318B7}.Ad-Hoc|iPhone.ActiveCfg = Debug|Any CPU
		{79BD0EFD-869C-4BE5-B680-A8D6EC0318B7}.Ad-Hoc|iPhone.Build.0 = Debug|Any CPU
		{79BD0EFD-869C-4BE5-B680-A8D6EC0318B7}.Ad-Hoc|iPhone.Deploy.0 = Debug|Any CPU
		{79BD0EFD-869C-4BE5-B680-A8D6EC0318B7}.Ad-Hoc|iPhoneSimulator.ActiveCfg = Debug|Any CPU
		{79BD0EFD-869C-4BE5-B680-A8D6EC0318B7}.Ad-Hoc|iPhoneSimulator.Build.0 = Debug|Any CPU
		{79BD0EFD-869C-4BE5-B680-A8D6EC0318B7}.Ad-Hoc|iPhoneSimulator.Deploy.0 = Debug|Any CPU
		{79BD0EFD-869C-4BE5-B680-A8D6EC0318B7}.AppStore|Any CPU.ActiveCfg = Debug|Any CPU
		{79BD0EFD-869C-4BE5-B680-A8D6EC0318B7}.AppStore|Any CPU.Build.0 = Debug|Any CPU
		{79BD0EFD-869C-4BE5-B680-A8D6EC0318B7}.AppStore|Any CPU.Deploy.0 = Debug|Any CPU
		{79BD0EFD-869C-4BE5-B680-A8D6EC0318B7}.AppStore|iPhone.ActiveCfg = Debug|Any CPU
		{79BD0EFD-869C-4BE5-B680-A8D6EC0318B7}.AppStore|iPhone.Build.0 = Debug|Any CPU
		{79BD0EFD-869C-4BE5-B680-A8D6EC0318B7}.AppStore|iPhone.Deploy.0 = Debug|Any CPU
		{79BD0EFD-869C-4BE5-B680-A8D6EC0318B7}.AppStore|iPhoneSimulator.ActiveCfg = Debug|Any CPU
		{79BD0EFD-869C-4BE5-B680-A8D6EC0318B7}.AppStore|iPhoneSimulator.Build.0 = Debug|Any CPU
		{79BD0EFD-869C-4BE5-B680-A8D6EC0318B7}.AppStore|iPhoneSimulator.Deploy.0 = Debug|Any CPU
		{79BD0EFD-869C-4BE5-B680-A8D6EC0318B7}.Debug|Any CPU.ActiveCfg = Debug|Any CPU
		{79BD0EFD-869C-4BE5-B680-A8D6EC0318B7}.Debug|Any CPU.Build.0 = Debug|Any CPU
		{79BD0EFD-869C-4BE5-B680-A8D6EC0318B7}.Debug|Any CPU.Deploy.0 = Debug|Any CPU
		{79BD0EFD-869C-4BE5-B680-A8D6EC0318B7}.Debug|iPhone.ActiveCfg = Debug|Any CPU
		{79BD0EFD-869C-4BE5-B680-A8D6EC0318B7}.Debug|iPhone.Build.0 = Debug|Any CPU
		{79BD0EFD-869C-4BE5-B680-A8D6EC0318B7}.Debug|iPhone.Deploy.0 = Debug|Any CPU
		{79BD0EFD-869C-4BE5-B680-A8D6EC0318B7}.Debug|iPhoneSimulator.ActiveCfg = Debug|Any CPU
		{79BD0EFD-869C-4BE5-B680-A8D6EC0318B7}.Debug|iPhoneSimulator.Build.0 = Debug|Any CPU
		{79BD0EFD-869C-4BE5-B680-A8D6EC0318B7}.Debug|iPhoneSimulator.Deploy.0 = Debug|Any CPU
		{79BD0EFD-869C-4BE5-B680-A8D6EC0318B7}.Release|Any CPU.ActiveCfg = Release|Any CPU
		{79BD0EFD-869C-4BE5-B680-A8D6EC0318B7}.Release|Any CPU.Build.0 = Release|Any CPU
		{79BD0EFD-869C-4BE5-B680-A8D6EC0318B7}.Release|Any CPU.Deploy.0 = Release|Any CPU
		{79BD0EFD-869C-4BE5-B680-A8D6EC0318B7}.Release|iPhone.ActiveCfg = Release|Any CPU
		{79BD0EFD-869C-4BE5-B680-A8D6EC0318B7}.Release|iPhone.Build.0 = Release|Any CPU
		{79BD0EFD-869C-4BE5-B680-A8D6EC0318B7}.Release|iPhone.Deploy.0 = Release|Any CPU
		{79BD0EFD-869C-4BE5-B680-A8D6EC0318B7}.Release|iPhoneSimulator.ActiveCfg = Release|Any CPU
		{79BD0EFD-869C-4BE5-B680-A8D6EC0318B7}.Release|iPhoneSimulator.Build.0 = Release|Any CPU
		{79BD0EFD-869C-4BE5-B680-A8D6EC0318B7}.Release|iPhoneSimulator.Deploy.0 = Release|Any CPU
	EndGlobalSection
	GlobalSection(SolutionProperties) = preSolution
		HideSolutionNode = FALSE
	EndGlobalSection
	GlobalSection(ExtensibilityGlobals) = postSolution
		SolutionGuid = {FDD775DF-4B2D-4748-AB99-F38EDE610355}
	EndGlobalSection
EndGlobal
